
Microsoft Visual Studio Solution File, Format Version 12.00
# Visual Studio Version 16
VisualStudioVersion = 16.0.31105.61
MinimumVisualStudioVersion = 10.0.40219.1
Project("{9A19103F-16F7-4668-BE54-9A1E7A4F7556}") = "Mythonia", "Mythonia\Mythonia.csproj", "{C82AB69E-B61A-4BD8-BA82-855059A3832B}"
EndProject
Global
	GlobalSection(SolutionConfigurationPlatforms) = preSolution
		Debug|Any CPU = Debug|Any CPU
		Release|Any CPU = Release|Any CPU
	EndGlobalSection
	GlobalSection(ProjectConfigurationPlatforms) = postSolution
		{C82AB69E-B61A-4BD8-BA82-855059A3832B}.Debug|Any CPU.ActiveCfg = Debug|Any CPU
		{C82AB69E-B61A-4BD8-BA82-855059A3832B}.Debug|Any CPU.Build.0 = Debug|Any CPU
		{C82AB69E-B61A-4BD8-BA82-855059A3832B}.Release|Any CPU.ActiveCfg = Release|Any CPU
		{C82AB69E-B61A-4BD8-BA82-855059A3832B}.Release|Any CPU.Build.0 = Release|Any CPU
	EndGlobalSection
	GlobalSection(SolutionProperties) = preSolution
		HideSolutionNode = FALSE
	EndGlobalSection
	GlobalSection(ExtensibilityGlobals) = postSolution
		SolutionGuid = {2ED37153-84F5-49E2-B451-5EC67AAED230}
	EndGlobalSection
EndGlobal
